// !$*UTF8*$!
{
	archiveVersion = 1;
	classes = {
	};
	objectVersion = 110;
	objects = {

/* Begin PBXContainerItemProxy section */
		449FB7A12FDBB29200B4C39E /* PBXContainerItemProxy */ = {
			isa = PBXContainerItemProxy;
			containerPortal = 449FB78B2FDBB29200B4C39E /* Project object */;
			proxyType = 1;
			remoteGlobalIDString = 449FB7922FDBB29200B4C39E;
			remoteInfo = ContainerGUI;
		};
		449FB7AB2FDBB29200B4C39E /* PBXContainerItemProxy */ = {
			isa = PBXContainerItemProxy;
			containerPortal = 449FB78B2FDBB29200B4C39E /* Project object */;
			proxyType = 1;
			remoteGlobalIDString = 449FB7922FDBB29200B4C39E;
			remoteInfo = ContainerGUI;
		};
/* End PBXContainerItemProxy section */

/* Begin PBXFileReference section */
		449FB7932FDBB29200B4C39E /* ContainerGUI.app */ = {isa = PBXFileReference; explicitFileType = wrapper.application; includeInIndex = 0; path = ContainerGUI.app; sourceTree = BUILT_PRODUCTS_DIR; };
		449FB7A02FDBB29200B4C39E /* ContainerGUITests.xctest */ = {isa = PBXFileReference; explicitFileType = wrapper.cfbundle; includeInIndex = 0; path = ContainerGUITests.xctest; sourceTree = BUILT_PRODUCTS_DIR; };
		449FB7AA2FDBB29200B4C39E /* ContainerGUIUITests.xctest */ = {isa = PBXFileReference; explicitFileType = wrapper.cfbundle; includeInIndex = 0; path = ContainerGUIUITests.xctest; sourceTree = BUILT_PRODUCTS_DIR; };
/* End PBXFileReference section */

/* Begin PBXFileSystemSynchronizedRootGroup section */
		449FB7952FDBB29200B4C39E /* ContainerGUI */ = {
			isa = PBXFileSystemSynchronizedRootGroup;
			path = ContainerGUI;
			sourceTree = "<group>";
		};
		449FB7A32FDBB29200B4C39E /* ContainerGUITests */ = {
			isa = PBXFileSystemSynchronizedRootGroup;
			path = ContainerGUITests;
			sourceTree = "<group>";
		};
		449FB7AD2FDBB29200B4C39E /* ContainerGUIUITests */ = {
			isa = PBXFileSystemSynchronizedRootGroup;
			path = ContainerGUIUITests;
			sourceTree = "<group>";
		};
/* End PBXFileSystemSynchronizedRootGroup section */

/* Begin PBXFrameworksBuildPhase section */
		449FB7902FDBB29200B4C39E /* Frameworks */ = {
			isa = PBXFrameworksBuildPhase;
			files = (
			);
		};
		449FB79D2FDBB29200B4C39E /* Frameworks */ = {
			isa = PBXFrameworksBuildPhase;
			files = (
			);
		};
		449FB7A72FDBB29200B4C39E /* Frameworks */ = {
			isa = PBXFrameworksBuildPhase;
			files = (
			);
		};
/* End PBXFrameworksBuildPhase section */

/* Begin PBXGroup section */
		4468B80C2FDC335F001C630D /* App */ = {
			isa = PBXGroup;
			children = (
			);
			path = App;
			sourceTree = "<group>";
		};
		449FB78A2FDBB29200B4C39E = {
			isa = PBXGroup;
			children = (
				449FB7952FDBB29200B4C39E /* ContainerGUI */,
				449FB7A32FDBB29200B4C39E /* ContainerGUITests */,
				449FB7AD2FDBB29200B4C39E /* ContainerGUIUITests */,
				449FB7942FDBB29200B4C39E /* Products */,
				4468B80C2FDC335F001C630D /* App */,
			);
			sourceTree = "<group>";
		};
		449FB7942FDBB29200B4C39E /* Products */ = {
			isa = PBXGroup;
			children = (
				449FB7932FDBB29200B4C39E /* ContainerGUI.app */,
				449FB7A02FDBB29200B4C39E /* ContainerGUITests.xctest */,
				449FB7AA2FDBB29200B4C39E /* ContainerGUIUITests.xctest */,
			);
			name = Products;
			sourceTree = "<group>";
		};
/* End PBXGroup section */

/* Begin PBXNativeTarget section */
		449FB7922FDBB29200B4C39E /* ContainerGUI */ = {
			isa = PBXNativeTarget;
			buildConfigurationList = 449FB7B22FDBB29200B4C39E /* Build configuration list for PBXNativeTarget "ContainerGUI" */;
			buildPhases = (
				449FB78F2FDBB29200B4C39E /* Sources */,
				449FB7902FDBB29200B4C39E /* Frameworks */,
				449FB7912FDBB29200B4C39E /* Resources */,
			);
			buildRules = (
			);
			fileSystemSynchronizedGroups = (
				449FB7952FDBB29200B4C39E /* ContainerGUI */,
			);
			name = ContainerGUI;
			productName = ContainerGUI;
			productReference = 449FB7932FDBB29200B4C39E /* ContainerGUI.app */;
			productType = "com.apple.product-type.application";
		};
		449FB79F2FDBB29200B4C39E /* ContainerGUITests */ = {
			isa = PBXNativeTarget;
			buildConfigurationList = 449FB7B52FDBB29200B4C39E /* Build configuration list for PBXNativeTarget "ContainerGUITests" */;
			buildPhases = (
				449FB79C2FDBB29200B4C39E /* Sources */,
				449FB79D2FDBB29200B4C39E /* Frameworks */,
				449FB79E2FDBB29200B4C39E /* Resources */,
			);
			buildRules = (
			);
			dependencies = (
				449FB7A22FDBB29200B4C39E /* PBXTargetDependency */,
			);
			fileSystemSynchronizedGroups = (
				449FB7A32FDBB29200B4C39E /* ContainerGUITests */,
			);
			name = ContainerGUITests;
			productName = ContainerGUITests;
			productReference = 449FB7A02FDBB29200B4C39E /* ContainerGUITests.xctest */;
			productType = "com.apple.product-type.bundle.unit-test";
		};
		449FB7A92FDBB29200B4C39E /* ContainerGUIUITests */ = {
			isa = PBXNativeTarget;
			buildConfigurationList = 449FB7B82FDBB29200B4C39E /* Build configuration list for PBXNativeTarget "ContainerGUIUITests" */;
			buildPhases = (
				449FB7A62FDBB29200B4C39E /* Sources */,
				449FB7A72FDBB29200B4C39E /* Frameworks */,
				449FB7A82FDBB29200B4C39E /* Resources */,
			);
			buildRules = (
			);
			dependencies = (
				449FB7AC2FDBB29200B4C39E /* PBXTargetDependency */,
			);
			fileSystemSynchronizedGroups = (
				449FB7AD2FDBB29200B4C39E /* ContainerGUIUITests */,
			);
			name = ContainerGUIUITests;
			productName = ContainerGUIUITests;
			productReference = 449FB7AA2FDBB29200B4C39E /* ContainerGUIUITests.xctest */;
			productType = "com.apple.product-type.bundle.ui-testing";
		};
/* End PBXNativeTarget section */

/* Begin PBXProject section */
		449FB78B2FDBB29200B4C39E /* Project object */ = {
			isa = PBXProject;
			attributes = {
				BuildIndependentTargetsInParallel = 1;
				LastSwiftUpdateCheck = 2700;
				LastUpgradeCheck = 2700;
				TargetAttributes = {
					449FB7922FDBB29200B4C39E = {
						CreatedOnToolsVersion = 27.0;
					};
					449FB79F2FDBB29200B4C39E = {
						CreatedOnToolsVersion = 27.0;
						TestTargetID = 449FB7922FDBB29200B4C39E;
					};
					449FB7A92FDBB29200B4C39E = {
						CreatedOnToolsVersion = 27.0;
						TestTargetID = 449FB7922FDBB29200B4C39E;
					};
				};
			};
			buildConfigurationList = 449FB78E2FDBB29200B4C39E /* Build configuration list for PBXProject "ContainerGUI" */;
			developmentRegion = en;
			hasScannedForEncodings = 0;
			knownRegions = (
				en,
				Base,
			);
			mainGroup = 449FB78A2FDBB29200B4C39E;
			minimizedProjectReferenceProxies = 1;
			preferredProjectObjectVersion = 77;
			productRefGroup = 449FB7942FDBB29200B4C39E /* Products */;
			projectDirPath = "";
			projectRoot = "";
			targets = (
				449FB7922FDBB29200B4C39E /* ContainerGUI */,
				449FB79F2FDBB29200B4C39E /* ContainerGUITests */,
				449FB7A92FDBB29200B4C39E /* ContainerGUIUITests */,
			);
		};
/* End PBXProject section */

/* Begin PBXResourcesBuildPhase section */
		449FB7912FDBB29200B4C39E /* Resources */ = {
			isa = PBXResourcesBuildPhase;
			files = (
			);
		};
		449FB79E2FDBB29200B4C39E /* Resources */ = {
			isa = PBXResourcesBuildPhase;
			files = (
			);
		};
		449FB7A82FDBB29200B4C39E /* Resources */ = {
			isa = PBXResourcesBuildPhase;
			files = (
			);
		};
/* End PBXResourcesBuildPhase section */

/* Begin PBXSourcesBuildPhase section */
		449FB78F2FDBB29200B4C39E /* Sources */ = {
			isa = PBXSourcesBuildPhase;
			files = (
			);
		};
		449FB79C2FDBB29200B4C39E /* Sources */ = {
			isa = PBXSourcesBuildPhase;
			files = (
			);
		};
		449FB7A62FDBB29200B4C39E /* Sources */ = {
			isa = PBXSourcesBuildPhase;
			files = (
			);
		};
/* End PBXSourcesBuildPhase section */

/* Begin PBXTargetDependency section */
		449FB7A22FDBB29200B4C39E /* PBXTargetDependency */ = {
			isa = PBXTargetDependency;
			target = 449FB7922FDBB29200B4C39E /* ContainerGUI */;
			targetProxy = 449FB7A12FDBB29200B4C39E /* PBXContainerItemProxy */;
		};
		449FB7AC2FDBB29200B4C39E /* PBXTargetDependency */ = {
			isa = PBXTargetDependency;
			target = 449FB7922FDBB29200B4C39E /* ContainerGUI */;
			targetProxy = 449FB7AB2FDBB29200B4C39E /* PBXContainerItemProxy */;
		};
/* End PBXTargetDependency section */

/* Begin XCBuildConfiguration section */
		449FB7B02FDBB29200B4C39E /* Debug configuration for PBXProject "ContainerGUI" */ = {
			isa = XCBuildConfiguration;
			buildSettings = {
				ALWAYS_SEARCH_USER_PATHS = NO;
				ASSETCATALOG_COMPILER_GENERATE_SWIFT_ASSET_SYMBOL_EXTENSIONS = YES;
				CLANG_ANALYZER_NONNULL = YES;
				CLANG_ANALYZER_NUMBER_OBJECT_CONVERSION = YES_AGGRESSIVE;
				CLANG_CXX_LANGUAGE_STANDARD = "gnu++20";
				CLANG_ENABLE_MODULES = YES;
				CLANG_ENABLE_OBJC_ARC = YES;
				CLANG_ENABLE_OBJC_WEAK = YES;
				CLANG_WARN_BLOCK_CAPTURE_AUTORELEASING = YES;
				CLANG_WARN_BOOL_CONVERSION = YES;
				CLANG_WARN_COMMA = YES;
				CLANG_WARN_CONSTANT_CONVERSION = YES;
				CLANG_WARN_DEPRECATED_OBJC_IMPLEMENTATIONS = YES;
				CLANG_WARN_DIRECT_OBJC_ISA_USAGE = YES_ERROR;
				CLANG_WARN_DOCUMENTATION_COMMENTS = YES;
				CLANG_WARN_EMPTY_BODY = YES;
				CLANG_WARN_ENUM_CONVERSION = YES;
				CLANG_WARN_INFINITE_RECURSION = YES;
				CLANG_WARN_INT_CONVERSION = YES;
				CLANG_WARN_NON_LITERAL_NULL_CONVERSION = YES;
				CLANG_WARN_OBJC_IMPLICIT_RETAIN_SELF = YES;
				CLANG_WARN_OBJC_LITERAL_CONVERSION = YES;
				CLANG_WARN_OBJC_ROOT_CLASS = YES_ERROR;
				CLANG_WARN_QUOTED_INCLUDE_IN_FRAMEWORK_HEADER = YES;
				CLANG_WARN_RANGE_LOOP_ANALYSIS = YES;
				CLANG_WARN_STRICT_PROTOTYPES = YES;
				CLANG_WARN_SUSPICIOUS_MOVE = YES;
				CLANG_WARN_UNGUARDED_AVAILABILITY = YES_AGGRESSIVE;
				CLANG_WARN_UNREACHABLE_CODE = YES;
				CLANG_WARN__DUPLICATE_METHOD_MATCH = YES;
				COPY_PHASE_STRIP = NO;
				DEBUG_INFORMATION_FORMAT = dwarf;
				DEVELOPMENT_TEAM = F6Q22UVSYB;
				ENABLE_STRICT_OBJC_MSGSEND = YES;
				ENABLE_TESTABILITY = YES;
				ENABLE_USER_SCRIPT_SANDBOXING = YES;
				GCC_C_LANGUAGE_STANDARD = gnu17;
				GCC_DYNAMIC_NO_PIC = NO;
				GCC_NO_COMMON_BLOCKS = YES;
				GCC_OPTIMIZATION_LEVEL = 0;
				GCC_PREPROCESSOR_DEFINITIONS = (
					"DEBUG=1",
					"$(inherited)",
				);
				GCC_WARN_64_TO_32_BIT_CONVERSION = YES;
				GCC_WARN_ABOUT_RETURN_TYPE = YES_ERROR;
				GCC_WARN_UNDECLARED_SELECTOR = YES;
				GCC_WARN_UNINITIALIZED_AUTOS = YES_AGGRESSIVE;
				GCC_WARN_UNUSED_FUNCTION = YES;
				GCC_WARN_UNUSED_VARIABLE = YES;
				LOCALIZATION_PREFERS_STRING_CATALOGS = YES;
				MACOSX_DEPLOYMENT_TARGET = 27.0;
				MTL_ENABLE_DEBUG_INFO = INCLUDE_SOURCE;
				MTL_FAST_MATH = YES;
				ONLY_ACTIVE_ARCH = YES;
				SDKROOT = macosx;
				SWIFT_ACTIVE_COMPILATION_CONDITIONS = "DEBUG $(inherited)";
				SWIFT_OPTIMIZATION_LEVEL = "-Onone";
			};
			name = Debug;
		};
		449FB7B12FDBB29200B4C39E /* Release configuration for PBXProject "ContainerGUI" */ = {
			isa = XCBuildConfiguration;
			buildSettings = {
				ALWAYS_SEARCH_USER_PATHS = NO;
				ASSETCATALOG_COMPILER_GENERATE_SWIFT_ASSET_SYMBOL_EXTENSIONS = YES;
				CLANG_ANALYZER_NONNULL = YES;
				CLANG_ANALYZER_NUMBER_OBJECT_CONVERSION = YES_AGGRESSIVE;
				CLANG_CXX_LANGUAGE_STANDARD = "gnu++20";
				CLANG_ENABLE_MODULES = YES;
				CLANG_ENABLE_OBJC_ARC = YES;
				CLANG_ENABLE_OBJC_WEAK = YES;
				CLANG_WARN_BLOCK_CAPTURE_AUTORELEASING = YES;
				CLANG_WARN_BOOL_CONVERSION = YES;
				CLANG_WARN_COMMA = YES;
				CLANG_WARN_CONSTANT_CONVERSION = YES;
				CLANG_WARN_DEPRECATED_OBJC_IMPLEMENTATIONS = YES;
				CLANG_WARN_DIRECT_OBJC_ISA_USAGE = YES_ERROR;
				CLANG_WARN_DOCUMENTATION_COMMENTS = YES;
				CLANG_WARN_EMPTY_BODY = YES;
				CLANG_WARN_ENUM_CONVERSION = YES;
				CLANG_WARN_INFINITE_RECURSION = YES;
				CLANG_WARN_INT_CONVERSION = YES;
				CLANG_WARN_NON_LITERAL_NULL_CONVERSION = YES;
				CLANG_WARN_OBJC_IMPLICIT_RETAIN_SELF = YES;
				CLANG_WARN_OBJC_LITERAL_CONVERSION = YES;
				CLANG_WARN_OBJC_ROOT_CLASS = YES_ERROR;
				CLANG_WARN_QUOTED_INCLUDE_IN_FRAMEWORK_HEADER = YES;
				CLANG_WARN_RANGE_LOOP_ANALYSIS = YES;
				CLANG_WARN_STRICT_PROTOTYPES = YES;
				CLANG_WARN_SUSPICIOUS_MOVE = YES;
				CLANG_WARN_UNGUARDED_AVAILABILITY = YES_AGGRESSIVE;
				CLANG_WARN_UNREACHABLE_CODE = YES;
				CLANG_WARN__DUPLICATE_METHOD_MATCH = YES;
				COPY_PHASE_STRIP = NO;
				DEBUG_INFORMATION_FORMAT = "dwarf-with-dsym";
				DEVELOPMENT_TEAM = F6Q22UVSYB;
				ENABLE_NS_ASSERTIONS = NO;
				ENABLE_STRICT_OBJC_MSGSEND = YES;
				ENABLE_USER_SCRIPT_SANDBOXING = YES;
				GCC_C_LANGUAGE_STANDARD = gnu17;
				GCC_NO_COMMON_BLOCKS = YES;
				GCC_WARN_64_TO_32_BIT_CONVERSION = YES;
				GCC_WARN_ABOUT_RETURN_TYPE = YES_ERROR;
				GCC_WARN_UNDECLARED_SELECTOR = YES;
				GCC_WARN_UNINITIALIZED_AUTOS = YES_AGGRESSIVE;
				GCC_WARN_UNUSED_FUNCTION = YES;
				GCC_WARN_UNUSED_VARIABLE = YES;
				LOCALIZATION_PREFERS_STRING_CATALOGS = YES;
				MACOSX_DEPLOYMENT_TARGET = 27.0;
				MTL_ENABLE_DEBUG_INFO = NO;
				MTL_FAST_MATH = YES;
				SDKROOT = macosx;
				SWIFT_COMPILATION_MODE = wholemodule;
			};
			name = Release;
		};
		449FB7B32FDBB29200B4C39E /* Debug configuration for PBXNativeTarget "ContainerGUI" */ = {
			isa = XCBuildConfiguration;
			buildSettings = {
				ASSETCATALOG_COMPILER_APPICON_NAME = AppIcon;
				ASSETCATALOG_COMPILER_GLOBAL_ACCENT_COLOR_NAME = AccentColor;
				ASSETCATALOG_COMPILER_INCLUDE_ALL_APPICON_ASSETS = NO;
				CODE_SIGN_STYLE = Automatic;
				COMBINE_HIDPI_IMAGES = YES;
				CURRENT_PROJECT_VERSION = 1;
				DEVELOPMENT_TEAM = F6Q22UVSYB;
				ENABLE_APP_SANDBOX = NO;
				ENABLE_HARDENED_RUNTIME = NO;
				ENABLE_PREVIEWS = YES;
				ENABLE_USER_SELECTED_FILES = readonly;
				GENERATE_INFOPLIST_FILE = YES;
				INFOPLIST_KEY_LSApplicationCategoryType = "public.app-category.utilities";
				INFOPLIST_KEY_NSHumanReadableCopyright = "";
				LD_RUNPATH_SEARCH_PATHS = (
					"$(inherited)",
					"@executable_path/../Frameworks",
				);
				MACOSX_DEPLOYMENT_TARGET = 26.0;
				MARKETING_VERSION = 0.0.1;
				PRODUCT_BUNDLE_IDENTIFIER = com.bexonbai.ContainerGUI;
				PRODUCT_NAME = "$(TARGET_NAME)";
				REGISTER_APP_GROUPS = YES;
				STRING_CATALOG_GENERATE_SYMBOLS = YES;
				SWIFT_APPROACHABLE_CONCURRENCY = YES;
				SWIFT_DEFAULT_ACTOR_ISOLATION = MainActor;
				SWIFT_EMIT_LOC_STRINGS = YES;
				SWIFT_UPCOMING_FEATURE_MEMBER_IMPORT_VISIBILITY = YES;
				SWIFT_VERSION = 5.0;
			};
			name = Debug;
		};
		449FB7B42FDBB29200B4C39E /* Release configuration for PBXNativeTarget "ContainerGUI" */ = {
			isa = XCBuildConfiguration;
			buildSettings = {
				ASSETCATALOG_COMPILER_APPICON_NAME = AppIcon;
				ASSETCATALOG_COMPILER_GLOBAL_ACCENT_COLOR_NAME = AccentColor;
				ASSETCATALOG_COMPILER_INCLUDE_ALL_APPICON_ASSETS = NO;
				CODE_SIGN_STYLE = Automatic;
				COMBINE_HIDPI_IMAGES = YES;
				CURRENT_PROJECT_VERSION = 1;
				DEVELOPMENT_TEAM = F6Q22UVSYB;
				ENABLE_APP_SANDBOX = NO;
				ENABLE_HARDENED_RUNTIME = NO;
				ENABLE_PREVIEWS = YES;
				ENABLE_USER_SELECTED_FILES = readonly;
				GENERATE_INFOPLIST_FILE = YES;
				INFOPLIST_KEY_LSApplicationCategoryType = "public.app-category.utilities";
				INFOPLIST_KEY_NSHumanReadableCopyright = "";
				LD_RUNPATH_SEARCH_PATHS = (
					"$(inherited)",
					"@executable_path/../Frameworks",
				);
				MACOSX_DEPLOYMENT_TARGET = 26.0;
				MARKETING_VERSION = 0.0.1;
				PRODUCT_BUNDLE_IDENTIFIER = com.bexonbai.ContainerGUI;
				PRODUCT_NAME = "$(TARGET_NAME)";
				REGISTER_APP_GROUPS = YES;
				STRING_CATALOG_GENERATE_SYMBOLS = YES;
				SWIFT_APPROACHABLE_CONCURRENCY = YES;
				SWIFT_DEFAULT_ACTOR_ISOLATION = MainActor;
				SWIFT_EMIT_LOC_STRINGS = YES;
				SWIFT_UPCOMING_FEATURE_MEMBER_IMPORT_VISIBILITY = YES;
				SWIFT_VERSION = 5.0;
			};
			name = Release;
		};
		449FB7B62FDBB29200B4C39E /* Debug configuration for PBXNativeTarget "ContainerGUITests" */ = {
			isa = XCBuildConfiguration;
			buildSettings = {
				BUNDLE_LOADER = "$(TEST_HOST)";
				CODE_SIGN_STYLE = Automatic;
				CURRENT_PROJECT_VERSION = 1;
				DEVELOPMENT_TEAM = F6Q22UVSYB;
				GENERATE_INFOPLIST_FILE = YES;
				MACOSX_DEPLOYMENT_TARGET = 27.0;
				MARKETING_VERSION = 1.0;
				PRODUCT_BUNDLE_IDENTIFIER = com.bexonbai.ContainerGUITests;
				PRODUCT_NAME = "$(TARGET_NAME)";
				STRING_CATALOG_GENERATE_SYMBOLS = NO;
				SWIFT_APPROACHABLE_CONCURRENCY = YES;
				SWIFT_EMIT_LOC_STRINGS = NO;
				SWIFT_UPCOMING_FEATURE_MEMBER_IMPORT_VISIBILITY = YES;
				SWIFT_VERSION = 5.0;
				TEST_HOST = "$(BUILT_PRODUCTS_DIR)/ContainerGUI.app/$(BUNDLE_EXECUTABLE_FOLDER_PATH)/ContainerGUI";
			};
			name = Debug;
		};
		449FB7B72FDBB29200B4C39E /* Release configuration for PBXNativeTarget "ContainerGUITests" */ = {
			isa = XCBuildConfiguration;
			buildSettings = {
				BUNDLE_LOADER = "$(TEST_HOST)";
				CODE_SIGN_STYLE = Automatic;
				CURRENT_PROJECT_VERSION = 1;
				DEVELOPMENT_TEAM = F6Q22UVSYB;
				GENERATE_INFOPLIST_FILE = YES;
				MACOSX_DEPLOYMENT_TARGET = 27.0;
				MARKETING_VERSION = 1.0;
				PRODUCT_BUNDLE_IDENTIFIER = com.bexonbai.ContainerGUITests;
				PRODUCT_NAME = "$(TARGET_NAME)";
				STRING_CATALOG_GENERATE_SYMBOLS = NO;
				SWIFT_APPROACHABLE_CONCURRENCY = YES;
				SWIFT_EMIT_LOC_STRINGS = NO;
				SWIFT_UPCOMING_FEATURE_MEMBER_IMPORT_VISIBILITY = YES;
				SWIFT_VERSION = 5.0;
				TEST_HOST = "$(BUILT_PRODUCTS_DIR)/ContainerGUI.app/$(BUNDLE_EXECUTABLE_FOLDER_PATH)/ContainerGUI";
			};
			name = Release;
		};
		449FB7B92FDBB29200B4C39E /* Debug configuration for PBXNativeTarget "ContainerGUIUITests" */ = {
			isa = XCBuildConfiguration;
			buildSettings = {
				CODE_SIGN_STYLE = Automatic;
				CURRENT_PROJECT_VERSION = 1;
				DEVELOPMENT_TEAM = F6Q22UVSYB;
				GENERATE_INFOPLIST_FILE = YES;
				MARKETING_VERSION = 1.0;
				PRODUCT_BUNDLE_IDENTIFIER = com.bexonbai.ContainerGUIUITests;
				PRODUCT_NAME = "$(TARGET_NAME)";
				STRING_CATALOG_GENERATE_SYMBOLS = NO;
				SWIFT_APPROACHABLE_CONCURRENCY = YES;
				SWIFT_EMIT_LOC_STRINGS = NO;
				SWIFT_UPCOMING_FEATURE_MEMBER_IMPORT_VISIBILITY = YES;
				SWIFT_VERSION = 5.0;
				TEST_TARGET_NAME = ContainerGUI;
			};
			name = Debug;
		};
		449FB7BA2FDBB29200B4C39E /* Release configuration for PBXNativeTarget "ContainerGUIUITests" */ = {
			isa = XCBuildConfiguration;
			buildSettings = {
				CODE_SIGN_STYLE = Automatic;
				CURRENT_PROJECT_VERSION = 1;
				DEVELOPMENT_TEAM = F6Q22UVSYB;
				GENERATE_INFOPLIST_FILE = YES;
				MARKETING_VERSION = 1.0;
				PRODUCT_BUNDLE_IDENTIFIER = com.bexonbai.ContainerGUIUITests;
				PRODUCT_NAME = "$(TARGET_NAME)";
				STRING_CATALOG_GENERATE_SYMBOLS = NO;
				SWIFT_APPROACHABLE_CONCURRENCY = YES;
				SWIFT_EMIT_LOC_STRINGS = NO;
				SWIFT_UPCOMING_FEATURE_MEMBER_IMPORT_VISIBILITY = YES;
				SWIFT_VERSION = 5.0;
				TEST_TARGET_NAME = ContainerGUI;
			};
			name = Release;
		};
/* End XCBuildConfiguration section */

/* Begin XCConfigurationList section */
		449FB78E2FDBB29200B4C39E /* Build configuration list for PBXProject "ContainerGUI" */ = {
			isa = XCConfigurationList;
			buildConfigurations = (
				449FB7B02FDBB29200B4C39E /* Debug configuration for PBXProject "ContainerGUI" */,
				449FB7B12FDBB29200B4C39E /* Release configuration for PBXProject "ContainerGUI" */,
			);
			defaultConfigurationName = Release;
		};
		449FB7B22FDBB29200B4C39E /* Build configuration list for PBXNativeTarget "ContainerGUI" */ = {
			isa = XCConfigurationList;
			buildConfigurations = (
				449FB7B32FDBB29200B4C39E /* Debug configuration for PBXNativeTarget "ContainerGUI" */,
				449FB7B42FDBB29200B4C39E /* Release configuration for PBXNativeTarget "ContainerGUI" */,
			);
			defaultConfigurationName = Release;
		};
		449FB7B52FDBB29200B4C39E /* Build configuration list for PBXNativeTarget "ContainerGUITests" */ = {
			isa = XCConfigurationList;
			buildConfigurations = (
				449FB7B62FDBB29200B4C39E /* Debug configuration for PBXNativeTarget "ContainerGUITests" */,
				449FB7B72FDBB29200B4C39E /* Release configuration for PBXNativeTarget "ContainerGUITests" */,
			);
			defaultConfigurationName = Release;
		};
		449FB7B82FDBB29200B4C39E /* Build configuration list for PBXNativeTarget "ContainerGUIUITests" */ = {
			isa = XCConfigurationList;
			buildConfigurations = (
				449FB7B92FDBB29200B4C39E /* Debug configuration for PBXNativeTarget "ContainerGUIUITests" */,
				449FB7BA2FDBB29200B4C39E /* Release configuration for PBXNativeTarget "ContainerGUIUITests" */,
			);
			defaultConfigurationName = Release;
		};
/* End XCConfigurationList section */
	};
	rootObject = 449FB78B2FDBB29200B4C39E /* Project object */;
	validationLevel = 1;
}
